
Microsoft Visual Studio Solution File, Format Version 12.00
# Visual Studio Version 16
VisualStudioVersion = 16.0.33529.622
MinimumVisualStudioVersion = 10.0.40219.1
Project("{FAE04EC0-301F-11D3-BF4B-00C04F79EFBC}") = "mohamed", "mohamed\mohamed.csproj", "{A39E958F-1E21-4C92-B732-3A98CB61A601}"
EndProject
Global
	GlobalSection(SolutionConfigurationPlatforms) = preSolution
		Debug|Any CPU = Debug|Any CPU
		Release|Any CPU = Release|Any CPU
	EndGlobalSection
	GlobalSection(ProjectConfigurationPlatforms) = postSolution
		{A39E958F-1E21-4C92-B732-3A98CB61A601}.Debug|Any CPU.ActiveCfg = Debug|Any CPU
		{A39E958F-1E21-4C92-B732-3A98CB61A601}.Debug|Any CPU.Build.0 = Debug|Any CPU
		{A39E958F-1E21-4C92-B732-3A98CB61A601}.Release|Any CPU.ActiveCfg = Release|Any CPU
		{A39E958F-1E21-4C92-B732-3A98CB61A601}.Release|Any CPU.Build.0 = Release|Any CPU
	EndGlobalSection
	GlobalSection(SolutionProperties) = preSolution
		HideSolutionNode = FALSE
	EndGlobalSection
	GlobalSection(ExtensibilityGlobals) = postSolution
		SolutionGuid = {7D73A8B5-7C49-4471-AFBC-CC97AEA3E7CE}
	EndGlobalSection
EndGlobal
